{
  "version": 4,
  "terraform_version": "1.0.3",
  "serial": 6,
  "lineage": "322523bc-2de0-9f77-da12-eb88410a0828",
  "outputs": {},
  "resources": [
    {
      "mode": "managed",
      "type": "google_compute_network",
      "name": "vpc",
      "provider": "provider[\"registry.terraform.io/hashicorp/google\"]",
      "instances": [
        {
          "schema_version": 0,
          "attributes": {
            "auto_create_subnetworks": false,
            "delete_default_routes_on_create": false,
            "description": "",
            "gateway_ipv4": "",
            "id": "projects/my-kubernetes-317414/global/networks/my-kubernetes-317414-vpc",
            "mtu": 0,
            "name": "my-kubernetes-317414-vpc",
            "project": "my-kubernetes-317414",
            "routing_mode": "REGIONAL",
            "self_link": "https://www.googleapis.com/compute/v1/projects/my-kubernetes-317414/global/networks/my-kubernetes-317414-vpc",
            "timeouts": null
          },
          "sensitive_attributes": [],
          "private": "eyJlMmJmYjczMC1lY2FhLTExZTYtOGY4OC0zNDM2M2JjN2M0YzAiOnsiY3JlYXRlIjoyNDAwMDAwMDAwMDAsImRlbGV0ZSI6MjQwMDAwMDAwMDAwLCJ1cGRhdGUiOjI0MDAwMDAwMDAwMH19",
          "dependencies": [
            "google_project_service.compute_service"
          ]
        }
      ]
    },
    {
      "mode": "managed",
      "type": "google_compute_subnetwork",
      "name": "subnet",
      "provider": "provider[\"registry.terraform.io/hashicorp/google\"]",
      "instances": [
        {
          "schema_version": 0,
          "attributes": {
            "creation_timestamp": "2021-07-22T11:37:16.859-07:00",
            "description": "",
            "fingerprint": null,
            "gateway_address": "10.10.0.1",
            "id": "projects/my-kubernetes-317414/regions/us-central1/subnetworks/my-kubernetes-317414-subnet",
            "ip_cidr_range": "10.10.0.0/24",
            "log_config": [],
            "name": "my-kubernetes-317414-subnet",
            "network": "https://www.googleapis.com/compute/v1/projects/my-kubernetes-317414/global/networks/my-kubernetes-317414-vpc",
            "private_ip_google_access": false,
            "private_ipv6_google_access": "DISABLE_GOOGLE_ACCESS",
            "project": "my-kubernetes-317414",
            "region": "us-central1",
            "secondary_ip_range": [],
            "self_link": "https://www.googleapis.com/compute/v1/projects/my-kubernetes-317414/regions/us-central1/subnetworks/my-kubernetes-317414-subnet",
            "timeouts": null
          },
          "sensitive_attributes": [],
          "private": "eyJlMmJmYjczMC1lY2FhLTExZTYtOGY4OC0zNDM2M2JjN2M0YzAiOnsiY3JlYXRlIjozNjAwMDAwMDAwMDAsImRlbGV0ZSI6MzYwMDAwMDAwMDAwLCJ1cGRhdGUiOjM2MDAwMDAwMDAwMH19",
          "dependencies": [
            "google_compute_network.vpc",
            "google_project_service.compute_service"
          ]
        }
      ]
    },
    {
      "mode": "managed",
      "type": "google_container_cluster",
      "name": "primary",
      "provider": "provider[\"registry.terraform.io/hashicorp/google\"]",
      "instances": [
        {
          "schema_version": 1,
          "attributes": {
            "addons_config": [
              {
                "cloudrun_config": [],
                "horizontal_pod_autoscaling": [],
                "http_load_balancing": [],
                "network_policy_config": [
                  {
                    "disabled": true
                  }
                ]
              }
            ],
            "authenticator_groups_config": [],
            "cluster_autoscaling": [
              {
                "auto_provisioning_defaults": [],
                "enabled": false,
                "resource_limits": []
              }
            ],
            "cluster_ipv4_cidr": "10.112.0.0/14",
            "database_encryption": [
              {
                "key_name": "",
                "state": "DECRYPTED"
              }
            ],
            "datapath_provider": "",
            "default_max_pods_per_node": null,
            "default_snat_status": [
              {
                "disabled": false
              }
            ],
            "description": "",
            "enable_autopilot": false,
            "enable_binary_authorization": false,
            "enable_intranode_visibility": false,
            "enable_kubernetes_alpha": false,
            "enable_legacy_abac": false,
            "enable_shielded_nodes": false,
            "enable_tpu": false,
            "endpoint": "35.232.107.141",
            "id": "projects/my-kubernetes-317414/locations/us-central1/clusters/my-kubernetes-317414-gke",
            "initial_node_count": 1,
            "instance_group_urls": [],
            "ip_allocation_policy": [],
            "label_fingerprint": "a9dc16a7",
            "location": "us-central1",
            "logging_service": "logging.googleapis.com/kubernetes",
            "maintenance_policy": [],
            "master_auth": [
              {
                "client_certificate": "",
                "client_certificate_config": [
                  {
                    "issue_client_certificate": false
                  }
                ],
                "client_key": "",
                "cluster_ca_certificate": "LS0tLS1CRUdJTiBDRVJUSUZJQ0FURS0tLS0tCk1JSURLakNDQWhLZ0F3SUJBZ0lRSHc1Z2ZHa0lOaCsrUzdsdnZ3Q3VwVEFOQmdrcWhraUc5dzBCQVFzRkFEQXYKTVMwd0t3WURWUVFERXlSa1kyTmlaakk0TXkxak5HTTNMVFE1T1RVdE9URmlaQzB6TTJVMU1UVmpNbUV3WldVdwpIaGNOTWpFd056SXlNVGN6TnpReVdoY05Nall3TnpJeE1UZ3pOelF5V2pBdk1TMHdLd1lEVlFRREV5UmtZMk5pClpqSTRNeTFqTkdNM0xUUTVPVFV0T1RGaVpDMHpNMlUxTVRWak1tRXdaV1V3Z2dFaU1BMEdDU3FHU0liM0RRRUIKQVFVQUE0SUJEd0F3Z2dFS0FvSUJBUUM1MVhhaEt3ODRzakRWSVlnN0lid3ZnVHNQckpoZG1CeHlPUlZQZjlMagprQTVsbCtuVGFhbi8xUmtnMHU0VzRDT2ptcUJIZ0p5ano4MEk4OFVQZVBUVWlnUWtmWDd4THpnM1dHR3lWRzRnCjdTUmc2WXhpMnNyaTVaTmxEeFk4T3FmT2Y2Y3FtaG44dlpwUmN5MkZmZEVTN2dsSTFZWktYL0dEREExelBnOUsKVjZNRFBJUE80OG04dzJCenNRZ3BSTFhOcWxEMlVJa0FES3ptbzF6ZVlUTkswNWZBeit5UnZUNS9vUHY2aTNSLwpXT0lYNmJEM282enRYbDRDbUZxRXVWbVBlM2NKVWtSTC8vNVV5ZDRpWjNwRmVuV1dKeVJjTVRQVWVoRzhsUVhqCjBaUGM1Yjk0YmRveDFSVzhIT3RPMWtZZkxzbndsb3lJK2xqSyt6OFJxalVGQWdNQkFBR2pRakJBTUE0R0ExVWQKRHdFQi93UUVBd0lDQkRBUEJnTlZIUk1CQWY4RUJUQURBUUgvTUIwR0ExVWREZ1FXQkJURkV6UFN5UHNFZzY0cApxL3RkeUdzRUljeHFXekFOQmdrcWhraUc5dzBCQVFzRkFBT0NBUUVBaW5zdXJKV1ZUM3krdkttVzJ5anBlN2hsCjBncHBKaHJDdk1lUFlkUm1WZUpzSWVLTXlQaTR1QXVUMXRSdUttbm5pQThXTGY2UVE5TlBFd3JKZkh2UEwyMmwKV0Y0S1R5SmpaeFowVzBxWDZuSFA4Mnh0RzMvVWpmNkpOMjhqdFptc1h0Z2JlN3lWSHNrMkZlM0NKVjNZNGV1bgpRWWI0eVB0WnBMMXRnblYwK0UzNjgzaXNiclVJMkkwZktHeTVPcmxrWU5hNk1SL0pZOWhuSkVHTmNsYVdCc1BrCnVyeTBGRC94ZGZTZEZ3OGp4SnNMaXBWcXN0QUVFKzQ4d2lPZ0xxTGNNL1BIOGM3Vmc4S1VTcXZhVVZGUklpUkMKOUR0NzJYUjd4RzVOcE5tUk1WeWJKa2xGSVF2QjFqajkyNHNIT29KbzVKa0FjRHE4cmtubzUzajhqSy9RZkE9PQotLS0tLUVORCBDRVJUSUZJQ0FURS0tLS0tCg==",
                "password": "",
                "username": ""
              }
            ],
            "master_authorized_networks_config": [],
            "master_version": "1.19.9-gke.1900",
            "min_master_version": null,
            "monitoring_service": "monitoring.googleapis.com/kubernetes",
            "name": "my-kubernetes-317414-gke",
            "network": "projects/my-kubernetes-317414/global/networks/my-kubernetes-317414-vpc",
            "network_policy": [
              {
                "enabled": false,
                "provider": "PROVIDER_UNSPECIFIED"
              }
            ],
            "networking_mode": "ROUTES",
            "node_config": [],
            "node_locations": [
              "us-central1-a",
              "us-central1-c",
              "us-central1-f"
            ],
            "node_pool": [],
            "node_version": "1.19.9-gke.1900",
            "operation": null,
            "pod_security_policy_config": [],
            "private_cluster_config": [],
            "private_ipv6_google_access": "",
            "project": "my-kubernetes-317414",
            "release_channel": [
              {
                "channel": "REGULAR"
              }
            ],
            "remove_default_node_pool": true,
            "resource_labels": null,
            "resource_usage_export_config": [],
            "self_link": "https://container.googleapis.com/v1beta1/projects/my-kubernetes-317414/locations/us-central1/clusters/my-kubernetes-317414-gke",
            "services_ipv4_cidr": "10.115.240.0/20",
            "subnetwork": "projects/my-kubernetes-317414/regions/us-central1/subnetworks/my-kubernetes-317414-subnet",
            "timeouts": null,
            "tpu_ipv4_cidr_block": "",
            "vertical_pod_autoscaling": [],
            "workload_identity_config": []
          },
          "sensitive_attributes": [],
          "private": "eyJlMmJmYjczMC1lY2FhLTExZTYtOGY4OC0zNDM2M2JjN2M0YzAiOnsiY3JlYXRlIjoyNDAwMDAwMDAwMDAwLCJkZWxldGUiOjI0MDAwMDAwMDAwMDAsInJlYWQiOjI0MDAwMDAwMDAwMDAsInVwZGF0ZSI6MzYwMDAwMDAwMDAwMH0sInNjaGVtYV92ZXJzaW9uIjoiMSJ9",
          "dependencies": [
            "google_compute_network.vpc",
            "google_compute_subnetwork.subnet",
            "google_project_service.compute_service"
          ]
        }
      ]
    },
    {
      "mode": "managed",
      "type": "google_container_node_pool",
      "name": "primary_nodes",
      "provider": "provider[\"registry.terraform.io/hashicorp/google\"]",
      "instances": [
        {
          "schema_version": 1,
          "attributes": {
            "autoscaling": [],
            "cluster": "my-kubernetes-317414-gke",
            "id": "projects/my-kubernetes-317414/locations/us-central1/clusters/my-kubernetes-317414-gke/nodePools/my-kubernetes-317414-gke-node-pool",
            "initial_node_count": 1,
            "instance_group_urls": [
              "https://www.googleapis.com/compute/v1/projects/my-kubernetes-317414/zones/us-central1-a/instanceGroupManagers/gke-my-kubernetes-31-my-kubernetes-31-ee1cce43-grp",
              "https://www.googleapis.com/compute/v1/projects/my-kubernetes-317414/zones/us-central1-c/instanceGroupManagers/gke-my-kubernetes-31-my-kubernetes-31-02c4f705-grp",
              "https://www.googleapis.com/compute/v1/projects/my-kubernetes-317414/zones/us-central1-f/instanceGroupManagers/gke-my-kubernetes-31-my-kubernetes-31-40848641-grp"
            ],
            "location": "us-central1",
            "management": [
              {
                "auto_repair": true,
                "auto_upgrade": true
              }
            ],
            "max_pods_per_node": null,
            "name": "my-kubernetes-317414-gke-node-pool",
            "name_prefix": "",
            "node_config": [
              {
                "disk_size_gb": 100,
                "disk_type": "pd-standard",
                "guest_accelerator": [],
                "image_type": "COS_CONTAINERD",
                "labels": {
                  "env": "my-kubernetes-317414"
                },
                "local_ssd_count": 0,
                "machine_type": "n1-standard-1",
                "metadata": {
                  "disable-legacy-endpoints": "true"
                },
                "min_cpu_platform": "",
                "oauth_scopes": [
                  "https://www.googleapis.com/auth/logging.write",
                  "https://www.googleapis.com/auth/monitoring"
                ],
                "preemptible": false,
                "service_account": "default",
                "shielded_instance_config": [
                  {
                    "enable_integrity_monitoring": true,
                    "enable_secure_boot": false
                  }
                ],
                "tags": [
                  "gke-node",
                  "my-kubernetes-317414-gke"
                ],
                "taint": [],
                "workload_metadata_config": []
              }
            ],
            "node_count": 1,
            "node_locations": [
              "us-central1-a",
              "us-central1-c",
              "us-central1-f"
            ],
            "operation": null,
            "project": "my-kubernetes-317414",
            "timeouts": null,
            "upgrade_settings": [
              {
                "max_surge": 1,
                "max_unavailable": 0
              }
            ],
            "version": "1.19.9-gke.1900"
          },
          "sensitive_attributes": [],
          "private": "eyJlMmJmYjczMC1lY2FhLTExZTYtOGY4OC0zNDM2M2JjN2M0YzAiOnsiY3JlYXRlIjoxODAwMDAwMDAwMDAwLCJkZWxldGUiOjE4MDAwMDAwMDAwMDAsInVwZGF0ZSI6MTgwMDAwMDAwMDAwMH0sInNjaGVtYV92ZXJzaW9uIjoiMSJ9",
          "dependencies": [
            "google_compute_network.vpc",
            "google_compute_subnetwork.subnet",
            "google_container_cluster.primary",
            "google_project_service.compute_service"
          ]
        }
      ]
    },
    {
      "mode": "managed",
      "type": "google_project_service",
      "name": "compute_service",
      "provider": "provider[\"registry.terraform.io/hashicorp/google\"]",
      "instances": [
        {
          "schema_version": 0,
          "attributes": {
            "disable_dependent_services": null,
            "disable_on_destroy": true,
            "id": "my-kubernetes-317414/compute.googleapis.com",
            "project": "my-kubernetes-317414",
            "service": "compute.googleapis.com",
            "timeouts": null
          },
          "sensitive_attributes": [],
          "private": "eyJlMmJmYjczMC1lY2FhLTExZTYtOGY4OC0zNDM2M2JjN2M0YzAiOnsiY3JlYXRlIjoxMjAwMDAwMDAwMDAwLCJkZWxldGUiOjEyMDAwMDAwMDAwMDAsInJlYWQiOjYwMDAwMDAwMDAwMCwidXBkYXRlIjoxMjAwMDAwMDAwMDAwfX0="
        }
      ]
    },
    {
      "mode": "managed",
      "type": "google_project_service",
      "name": "gke_service",
      "provider": "provider[\"registry.terraform.io/hashicorp/google\"]",
      "instances": [
        {
          "schema_version": 0,
          "attributes": {
            "disable_dependent_services": null,
            "disable_on_destroy": true,
            "id": "my-kubernetes-317414/container.googleapis.com",
            "project": "my-kubernetes-317414",
            "service": "container.googleapis.com",
            "timeouts": null
          },
          "sensitive_attributes": [],
          "private": "eyJlMmJmYjczMC1lY2FhLTExZTYtOGY4OC0zNDM2M2JjN2M0YzAiOnsiY3JlYXRlIjoxMjAwMDAwMDAwMDAwLCJkZWxldGUiOjEyMDAwMDAwMDAwMDAsInJlYWQiOjYwMDAwMDAwMDAwMCwidXBkYXRlIjoxMjAwMDAwMDAwMDAwfX0="
        }
      ]
    }
  ]
}
